
Microsoft Visual Studio Solution File, Format Version 12.00
# Visual Studio Version 16
VisualStudioVersion = 16.0.31702.278
MinimumVisualStudioVersion = 10.0.40219.1
Project("{FAE04EC0-301F-11D3-BF4B-00C04F79EFBC}") = "LinqExercises", "LinqExercises\LinqExercises.csproj", "{5B247E07-DD69-4888-BE47-59123DE0E8BC}"
EndProject
Global
	GlobalSection(SolutionConfigurationPlatforms) = preSolution
		Debug|Any CPU = Debug|Any CPU
		Release|Any CPU = Release|Any CPU
	EndGlobalSection
	GlobalSection(ProjectConfigurationPlatforms) = postSolution
		{5B247E07-DD69-4888-BE47-59123DE0E8BC}.Debug|Any CPU.ActiveCfg = Debug|Any CPU
		{5B247E07-DD69-4888-BE47-59123DE0E8BC}.Debug|Any CPU.Build.0 = Debug|Any CPU
		{5B247E07-DD69-4888-BE47-59123DE0E8BC}.Release|Any CPU.ActiveCfg = Release|Any CPU
		{5B247E07-DD69-4888-BE47-59123DE0E8BC}.Release|Any CPU.Build.0 = Release|Any CPU
	EndGlobalSection
	GlobalSection(SolutionProperties) = preSolution
		HideSolutionNode = FALSE
	EndGlobalSection
	GlobalSection(ExtensibilityGlobals) = postSolution
		SolutionGuid = {BBF2329B-0D43-4C99-A1CA-7A16A13EBF86}
	EndGlobalSection
EndGlobal
